// !$*UTF8*$!
{
	archiveVersion = 1;
	classes = {
	};
	objectVersion = 50;
	objects = {

/* Begin PBXBuildFile section */
		4CED10192181D24300CEE300 /* AppDelegate.swift in Sources */ = {isa = PBXBuildFile; fileRef = 4CED10182181D24300CEE300 /* AppDelegate.swift */; };
		4CED10202181D24400CEE300 /* Assets.xcassets in Resources */ = {isa = PBXBuildFile; fileRef = 4CED101F2181D24400CEE300 /* Assets.xcassets */; };
		4CED10232181D24400CEE300 /* LaunchScreen.storyboard in Resources */ = {isa = PBXBuildFile; fileRef = 4CED10212181D24400CEE300 /* LaunchScreen.storyboard */; };
		4CED102D2181D28400CEE300 /* HomeKit.framework in Frameworks */ = {isa = PBXBuildFile; fileRef = 4CED102C2181D28400CEE300 /* HomeKit.framework */; };
		4CED10302181D2CD00CEE300 /* SelectHomeViewController.swift in Sources */ = {isa = PBXBuildFile; fileRef = 4CED102E2181D2CD00CEE300 /* SelectHomeViewController.swift */; };
		4CED10312181D2CD00CEE300 /* SelectHomeViewController.xib in Resources */ = {isa = PBXBuildFile; fileRef = 4CED102F2181D2CD00CEE300 /* SelectHomeViewController.xib */; };
/* End PBXBuildFile section */

/* Begin PBXFileReference section */
		4CED10152181D24300CEE300 /* MyHomeApp.app */ = {isa = PBXFileReference; explicitFileType = wrapper.application; includeInIndex = 0; path = MyHomeApp.app; sourceTree = BUILT_PRODUCTS_DIR; };
		4CED10182181D24300CEE300 /* AppDelegate.swift */ = {isa = PBXFileReference; lastKnownFileType = sourcecode.swift; path = AppDelegate.swift; sourceTree = "<group>"; };
		4CED101F2181D24400CEE300 /* Assets.xcassets */ = {isa = PBXFileReference; lastKnownFileType = folder.assetcatalog; path = Assets.xcassets; sourceTree = "<group>"; };
		4CED10222181D24400CEE300 /* Base */ = {isa = PBXFileReference; lastKnownFileType = file.storyboard; name = Base; path = Base.lproj/LaunchScreen.storyboard; sourceTree = "<group>"; };
		4CED10242181D24400CEE300 /* Info.plist */ = {isa = PBXFileReference; lastKnownFileType = text.plist.xml; path = Info.plist; sourceTree = "<group>"; };
		4CED102A2181D28400CEE300 /* MyHomeApp.entitlements */ = {isa = PBXFileReference; lastKnownFileType = text.plist.entitlements; path = MyHomeApp.entitlements; sourceTree = "<group>"; };
		4CED102C2181D28400CEE300 /* HomeKit.framework */ = {isa = PBXFileReference; lastKnownFileType = wrapper.framework; name = HomeKit.framework; path = System/Library/Frameworks/HomeKit.framework; sourceTree = SDKROOT; };
		4CED102E2181D2CD00CEE300 /* SelectHomeViewController.swift */ = {isa = PBXFileReference; lastKnownFileType = sourcecode.swift; path = SelectHomeViewController.swift; sourceTree = "<group>"; };
		4CED102F2181D2CD00CEE300 /* SelectHomeViewController.xib */ = {isa = PBXFileReference; lastKnownFileType = file.xib; path = SelectHomeViewController.xib; sourceTree = "<group>"; };
/* End PBXFileReference section */

/* Begin PBXFrameworksBuildPhase section */
		4CED10122181D24300CEE300 /* Frameworks */ = {
			isa = PBXFrameworksBuildPhase;
			buildActionMask = 2147483647;
			files = (
				4CED102D2181D28400CEE300 /* HomeKit.framework in Frameworks */,
			);
			runOnlyForDeploymentPostprocessing = 0;
		};
/* End PBXFrameworksBuildPhase section */

/* Begin PBXGroup section */
		4CED100C2181D24300CEE300 = {
			isa = PBXGroup;
			children = (
				4CED10172181D24300CEE300 /* MyHomeApp */,
				4CED10162181D24300CEE300 /* Products */,
				4CED102B2181D28400CEE300 /* Frameworks */,
			);
			sourceTree = "<group>";
		};
		4CED10162181D24300CEE300 /* Products */ = {
			isa = PBXGroup;
			children = (
				4CED10152181D24300CEE300 /* MyHomeApp.app */,
			);
			name = Products;
			sourceTree = "<group>";
		};
		4CED10172181D24300CEE300 /* MyHomeApp */ = {
			isa = PBXGroup;
			children = (
				4CED102A2181D28400CEE300 /* MyHomeApp.entitlements */,
				4CED10182181D24300CEE300 /* AppDelegate.swift */,
				4CED101F2181D24400CEE300 /* Assets.xcassets */,
				4CED10212181D24400CEE300 /* LaunchScreen.storyboard */,
				4CED10242181D24400CEE300 /* Info.plist */,
				4CED102E2181D2CD00CEE300 /* SelectHomeViewController.swift */,
				4CED102F2181D2CD00CEE300 /* SelectHomeViewController.xib */,
			);
			path = MyHomeApp;
			sourceTree = "<group>";
		};
		4CED102B2181D28400CEE300 /* Frameworks */ = {
			isa = PBXGroup;
			children = (
				4CED102C2181D28400CEE300 /* HomeKit.framework */,
			);
			name = Frameworks;
			sourceTree = "<group>";
		};
/* End PBXGroup section */

/* Begin PBXNativeTarget section */
		4CED10142181D24300CEE300 /* MyHomeApp */ = {
			isa = PBXNativeTarget;
			buildConfigurationList = 4CED10272181D24400CEE300 /* Build configuration list for PBXNativeTarget "MyHomeApp" */;
			buildPhases = (
				4CED10112181D24300CEE300 /* Sources */,
				4CED10122181D24300CEE300 /* Frameworks */,
				4CED10132181D24300CEE300 /* Resources */,
			);
			buildRules = (
			);
			dependencies = (
			);
			name = MyHomeApp;
			productName = MyHomeApp;
			productReference = 4CED10152181D24300CEE300 /* MyHomeApp.app */;
			productType = "com.apple.product-type.application";
		};
/* End PBXNativeTarget section */

/* Begin PBXProject section */
		4CED100D2181D24300CEE300 /* Project object */ = {
			isa = PBXProject;
			attributes = {
				LastSwiftUpdateCheck = 0940;
				LastUpgradeCheck = 0940;
				ORGANIZATIONNAME = "Fodé Guirassy";
				TargetAttributes = {
					4CED10142181D24300CEE300 = {
						CreatedOnToolsVersion = 9.4.1;
						SystemCapabilities = {
							com.apple.HomeKit = {
								enabled = 1;
							};
						};
					};
				};
			};
			buildConfigurationList = 4CED10102181D24300CEE300 /* Build configuration list for PBXProject "MyHomeApp" */;
			compatibilityVersion = "Xcode 9.3";
			developmentRegion = en;
			hasScannedForEncodings = 0;
			knownRegions = (
				en,
				Base,
			);
			mainGroup = 4CED100C2181D24300CEE300;
			productRefGroup = 4CED10162181D24300CEE300 /* Products */;
			projectDirPath = "";
			projectRoot = "";
			targets = (
				4CED10142181D24300CEE300 /* MyHomeApp */,
			);
		};
/* End PBXProject section */

/* Begin PBXResourcesBuildPhase section */
		4CED10132181D24300CEE300 /* Resources */ = {
			isa = PBXResourcesBuildPhase;
			buildActionMask = 2147483647;
			files = (
				4CED10232181D24400CEE300 /* LaunchScreen.storyboard in Resources */,
				4CED10312181D2CD00CEE300 /* SelectHomeViewController.xib in Resources */,
				4CED10202181D24400CEE300 /* Assets.xcassets in Resources */,
			);
			runOnlyForDeploymentPostprocessing = 0;
		};
/* End PBXResourcesBuildPhase section */

/* Begin PBXSourcesBuildPhase section */
		4CED10112181D24300CEE300 /* Sources */ = {
			isa = PBXSourcesBuildPhase;
			buildActionMask = 2147483647;
			files = (
				4CED10192181D24300CEE300 /* AppDelegate.swift in Sources */,
				4CED10302181D2CD00CEE300 /* SelectHomeViewController.swift in Sources */,
			);
			runOnlyForDeploymentPostprocessing = 0;
		};
/* End PBXSourcesBuildPhase section */

/* Begin PBXVariantGroup section */
		4CED10212181D24400CEE300 /* LaunchScreen.storyboard */ = {
			isa = PBXVariantGroup;
			children = (
				4CED10222181D24400CEE300 /* Base */,
			);
			name = LaunchScreen.storyboard;
			sourceTree = "<group>";
		};
/* End PBXVariantGroup section */

/* Begin XCBuildConfiguration section */
		4CED10252181D24400CEE300 /* Debug */ = {
			isa = XCBuildConfiguration;
			buildSettings = {
				ALWAYS_SEARCH_USER_PATHS = NO;
				CLANG_ANALYZER_NONNULL = YES;
				CLANG_ANALYZER_NUMBER_OBJECT_CONVERSION = YES_AGGRESSIVE;
				CLANG_CXX_LANGUAGE_STANDARD = "gnu++14";
				CLANG_CXX_LIBRARY = "libc++";
				CLANG_ENABLE_MODULES = YES;
				CLANG_ENABLE_OBJC_ARC = YES;
				CLANG_ENABLE_OBJC_WEAK = YES;
				CLANG_WARN_BLOCK_CAPTURE_AUTORELEASING = YES;
				CLANG_WARN_BOOL_CONVERSION = YES;
				CLANG_WARN_COMMA = YES;
				CLANG_WARN_CONSTANT_CONVERSION = YES;
				CLANG_WARN_DEPRECATED_OBJC_IMPLEMENTATIONS = YES;
				CLANG_WARN_DIRECT_OBJC_ISA_USAGE = YES_ERROR;
				CLANG_WARN_DOCUMENTATION_COMMENTS = YES;
				CLANG_WARN_EMPTY_BODY = YES;
				CLANG_WARN_ENUM_CONVERSION = YES;
				CLANG_WARN_INFINITE_RECURSION = YES;
				CLANG_WARN_INT_CONVERSION = YES;
				CLANG_WARN_NON_LITERAL_NULL_CONVERSION = YES;
				CLANG_WARN_OBJC_IMPLICIT_RETAIN_SELF = YES;
				CLANG_WARN_OBJC_LITERAL_CONVERSION = YES;
				CLANG_WARN_OBJC_ROOT_CLASS = YES_ERROR;
				CLANG_WARN_RANGE_LOOP_ANALYSIS = YES;
				CLANG_WARN_STRICT_PROTOTYPES = YES;
				CLANG_WARN_SUSPICIOUS_MOVE = YES;
				CLANG_WARN_UNGUARDED_AVAILABILITY = YES_AGGRESSIVE;
				CLANG_WARN_UNREACHABLE_CODE = YES;
				CLANG_WARN__DUPLICATE_METHOD_MATCH = YES;
				CODE_SIGN_IDENTITY = "iPhone Developer";
				COPY_PHASE_STRIP = NO;
				DEBUG_INFORMATION_FORMAT = dwarf;
				ENABLE_STRICT_OBJC_MSGSEND = YES;
				ENABLE_TESTABILITY = YES;
				GCC_C_LANGUAGE_STANDARD = gnu11;
				GCC_DYNAMIC_NO_PIC = NO;
				GCC_NO_COMMON_BLOCKS = YES;
				GCC_OPTIMIZATION_LEVEL = 0;
				GCC_PREPROCESSOR_DEFINITIONS = (
					"DEBUG=1",
					"$(inherited)",
				);
				GCC_WARN_64_TO_32_BIT_CONVERSION = YES;
				GCC_WARN_ABOUT_RETURN_TYPE = YES_ERROR;
				GCC_WARN_UNDECLARED_SELECTOR = YES;
				GCC_WARN_UNINITIALIZED_AUTOS = YES_AGGRESSIVE;
				GCC_WARN_UNUSED_FUNCTION = YES;
				GCC_WARN_UNUSED_VARIABLE = YES;
				IPHONEOS_DEPLOYMENT_TARGET = 11.4;
				MTL_ENABLE_DEBUG_INFO = YES;
				ONLY_ACTIVE_ARCH = YES;
				SDKROOT = iphoneos;
				SWIFT_ACTIVE_COMPILATION_CONDITIONS = DEBUG;
				SWIFT_OPTIMIZATION_LEVEL = "-Onone";
			};
			name = Debug;
		};
		4CED10262181D24400CEE300 /* Release */ = {
			isa = XCBuildConfiguration;
			buildSettings = {
				ALWAYS_SEARCH_USER_PATHS = NO;
				CLANG_ANALYZER_NONNULL = YES;
				CLANG_ANALYZER_NUMBER_OBJECT_CONVERSION = YES_AGGRESSIVE;
				CLANG_CXX_LANGUAGE_STANDARD = "gnu++14";
				CLANG_CXX_LIBRARY = "libc++";
				CLANG_ENABLE_MODULES = YES;
				CLANG_ENABLE_OBJC_ARC = YES;
				CLANG_ENABLE_OBJC_WEAK = YES;
				CLANG_WARN_BLOCK_CAPTURE_AUTORELEASING = YES;
				CLANG_WARN_BOOL_CONVERSION = YES;
				CLANG_WARN_COMMA = YES;
				CLANG_WARN_CONSTANT_CONVERSION = YES;
				CLANG_WARN_DEPRECATED_OBJC_IMPLEMENTATIONS = YES;
				CLANG_WARN_DIRECT_OBJC_ISA_USAGE = YES_ERROR;
				CLANG_WARN_DOCUMENTATION_COMMENTS = YES;
				CLANG_WARN_EMPTY_BODY = YES;
				CLANG_WARN_ENUM_CONVERSION = YES;
				CLANG_WARN_INFINITE_RECURSION = YES;
				CLANG_WARN_INT_CONVERSION = YES;
				CLANG_WARN_NON_LITERAL_NULL_CONVERSION = YES;
				CLANG_WARN_OBJC_IMPLICIT_RETAIN_SELF = YES;
				CLANG_WARN_OBJC_LITERAL_CONVERSION = YES;
				CLANG_WARN_OBJC_ROOT_CLASS = YES_ERROR;
				CLANG_WARN_RANGE_LOOP_ANALYSIS = YES;
				CLANG_WARN_STRICT_PROTOTYPES = YES;
				CLANG_WARN_SUSPICIOUS_MOVE = YES;
				CLANG_WARN_UNGUARDED_AVAILABILITY = YES_AGGRESSIVE;
				CLANG_WARN_UNREACHABLE_CODE = YES;
				CLANG_WARN__DUPLICATE_METHOD_MATCH = YES;
				CODE_SIGN_IDENTITY = "iPhone Developer";
				COPY_PHASE_STRIP = NO;
				DEBUG_INFORMATION_FORMAT = "dwarf-with-dsym";
				ENABLE_NS_ASSERTIONS = NO;
				ENABLE_STRICT_OBJC_MSGSEND = YES;
				GCC_C_LANGUAGE_STANDARD = gnu11;
				GCC_NO_COMMON_BLOCKS = YES;
				GCC_WARN_64_TO_32_BIT_CONVERSION = YES;
				GCC_WARN_ABOUT_RETURN_TYPE = YES_ERROR;
				GCC_WARN_UNDECLARED_SELECTOR = YES;
				GCC_WARN_UNINITIALIZED_AUTOS = YES_AGGRESSIVE;
				GCC_WARN_UNUSED_FUNCTION = YES;
				GCC_WARN_UNUSED_VARIABLE = YES;
				IPHONEOS_DEPLOYMENT_TARGET = 11.4;
				MTL_ENABLE_DEBUG_INFO = NO;
				SDKROOT = iphoneos;
				SWIFT_COMPILATION_MODE = wholemodule;
				SWIFT_OPTIMIZATION_LEVEL = "-O";
				VALIDATE_PRODUCT = YES;
			};
			name = Release;
		};
		4CED10282181D24400CEE300 /* Debug */ = {
			isa = XCBuildConfiguration;
			buildSettings = {
				ASSETCATALOG_COMPILER_APPICON_NAME = AppIcon;
				CODE_SIGN_ENTITLEMENTS = MyHomeApp/MyHomeApp.entitlements;
				CODE_SIGN_STYLE = Automatic;
				DEVELOPMENT_TEAM = TGGMM548B8;
				INFOPLIST_FILE = MyHomeApp/Info.plist;
				LD_RUNPATH_SEARCH_PATHS = (
					"$(inherited)",
					"@executable_path/Frameworks",
				);
				PRODUCT_BUNDLE_IDENTIFIER = com.fodeguirassy.homekit.sample.MyHomeApp;
				PRODUCT_NAME = "$(TARGET_NAME)";
				SWIFT_VERSION = 4.0;
				TARGETED_DEVICE_FAMILY = "1,2";
			};
			name = Debug;
		};
		4CED10292181D24400CEE300 /* Release */ = {
			isa = XCBuildConfiguration;
			buildSettings = {
				ASSETCATALOG_COMPILER_APPICON_NAME = AppIcon;
				CODE_SIGN_ENTITLEMENTS = MyHomeApp/MyHomeApp.entitlements;
				CODE_SIGN_STYLE = Automatic;
				DEVELOPMENT_TEAM = TGGMM548B8;
				INFOPLIST_FILE = MyHomeApp/Info.plist;
				LD_RUNPATH_SEARCH_PATHS = (
					"$(inherited)",
					"@executable_path/Frameworks",
				);
				PRODUCT_BUNDLE_IDENTIFIER = com.fodeguirassy.homekit.sample.MyHomeApp;
				PRODUCT_NAME = "$(TARGET_NAME)";
				SWIFT_VERSION = 4.0;
				TARGETED_DEVICE_FAMILY = "1,2";
			};
			name = Release;
		};
/* End XCBuildConfiguration section */

/* Begin XCConfigurationList section */
		4CED10102181D24300CEE300 /* Build configuration list for PBXProject "MyHomeApp" */ = {
			isa = XCConfigurationList;
			buildConfigurations = (
				4CED10252181D24400CEE300 /* Debug */,
				4CED10262181D24400CEE300 /* Release */,
			);
			defaultConfigurationIsVisible = 0;
			defaultConfigurationName = Release;
		};
		4CED10272181D24400CEE300 /* Build configuration list for PBXNativeTarget "MyHomeApp" */ = {
			isa = XCConfigurationList;
			buildConfigurations = (
				4CED10282181D24400CEE300 /* Debug */,
				4CED10292181D24400CEE300 /* Release */,
			);
			defaultConfigurationIsVisible = 0;
			defaultConfigurationName = Release;
		};
/* End XCConfigurationList section */
	};
	rootObject = 4CED100D2181D24300CEE300 /* Project object */;
}
